{
  "requires": true,
  "lockfileVersion": 1,
  "dependencies": {
    "@ckeditor/ckeditor-cloud-services-core": {
      "version": "21.0.0",
      "resolved": "https://registry.npmjs.org/@ckeditor/ckeditor-cloud-services-core/-/ckeditor-cloud-services-core-21.0.0.tgz",
      "integrity": "sha512-Tcc12fDDAxrT46JO6o1WN7prq8wNHxcnNEVg/wm98aRJ5O81gTGakJaVGA8XO4lPvmQpwGzRekb4a/GKB8QGcA==",
      "requires": {
        "@ckeditor/ckeditor5-utils": "^21.0.0"
      }
    },
    "@ckeditor/ckeditor5-clipboard": {
      "version": "21.0.0",
      "resolved": "https://registry.npmjs.org/@ckeditor/ckeditor5-clipboard/-/ckeditor5-clipboard-21.0.0.tgz",
      "integrity": "sha512-MmTTc2QpPJsSWjbHsRGS8A7Vf65oIaPI1A4EFAQyIUnJhv40GgzasaDJTnJbXNsR74q5hxqtvQPJRrYEknUKuA==",
      "requires": {
        "@ckeditor/ckeditor5-core": "^21.0.0",
        "@ckeditor/ckeditor5-engine": "^21.0.0",
        "@ckeditor/ckeditor5-utils": "^21.0.0"
      }
    },
    "@ckeditor/ckeditor5-cloud-services": {
      "version": "21.0.0",
      "resolved": "https://registry.npmjs.org/@ckeditor/ckeditor5-cloud-services/-/ckeditor5-cloud-services-21.0.0.tgz",
      "integrity": "sha512-6ZgZQTmX4vjYIIDMJyF+ETZSskrHmOOv1I7PvSJFukdGipzCMXKlmGUHTI8poT07uovYSAyza5dA1m65GvBDWg==",
      "requires": {
        "@ckeditor/ckeditor-cloud-services-core": "^21.0.0",
        "@ckeditor/ckeditor5-core": "^21.0.0"
      }
    },
    "@ckeditor/ckeditor5-core": {
      "version": "21.0.0",
      "resolved": "https://registry.npmjs.org/@ckeditor/ckeditor5-core/-/ckeditor5-core-21.0.0.tgz",
      "integrity": "sha512-qoBLE0dGaxYHN6zetYe5ct/w9E3+iX9T2oCgHNbCD/zaYhxfNTQ9uHp7x6Hn4Zq0xyieUhNIeq+ZR9CJlBEMwA==",
      "requires": {
        "@ckeditor/ckeditor5-engine": "^21.0.0",
        "@ckeditor/ckeditor5-utils": "^21.0.0",
        "lodash-es": "^4.17.15"
      }
    },
    "@ckeditor/ckeditor5-easy-image": {
      "version": "21.0.0",
      "resolved": "https://registry.npmjs.org/@ckeditor/ckeditor5-easy-image/-/ckeditor5-easy-image-21.0.0.tgz",
      "integrity": "sha512-ugTKISuEGM5CtW/aH868wyS14pqFph+5QsjQjxfveSJsOxy9xmqVL8GGFUY/bv+B+nuSE/Z/VQvJ8SGWgVTi0A==",
      "requires": {
        "@ckeditor/ckeditor-cloud-services-core": "^21.0.0",
        "@ckeditor/ckeditor5-cloud-services": "^21.0.0",
        "@ckeditor/ckeditor5-core": "^21.0.0",
        "@ckeditor/ckeditor5-image": "^21.0.0",
        "@ckeditor/ckeditor5-upload": "^21.0.0"
      }
    },
    "@ckeditor/ckeditor5-engine": {
      "version": "21.0.0",
      "resolved": "https://registry.npmjs.org/@ckeditor/ckeditor5-engine/-/ckeditor5-engine-21.0.0.tgz",
      "integrity": "sha512-wa0Fmn62o1i4Jw0vHnCvtwqM2ARkIU2V2/6MUgWAez5gpAIFwSGu4kjUGeIbuHISAIGKIwtRIVAdL9EtqsTV/A==",
      "requires": {
        "@ckeditor/ckeditor5-utils": "^21.0.0",
        "lodash-es": "^4.17.15"
      }
    },
    "@ckeditor/ckeditor5-image": {
      "version": "21.0.0",
      "resolved": "https://registry.npmjs.org/@ckeditor/ckeditor5-image/-/ckeditor5-image-21.0.0.tgz",
      "integrity": "sha512-j+yvgLUiY31ci8yzILaEUN2qHbftMG2gbiIWIpI+YJL0+rXi10D4xBlbMz+dpg8eSOlpKaLn67rEfhNKrz+bwA==",
      "requires": {
        "@ckeditor/ckeditor5-clipboard": "^21.0.0",
        "@ckeditor/ckeditor5-core": "^21.0.0",
        "@ckeditor/ckeditor5-engine": "^21.0.0",
        "@ckeditor/ckeditor5-ui": "^21.0.0",
        "@ckeditor/ckeditor5-upload": "^21.0.0",
        "@ckeditor/ckeditor5-utils": "^21.0.0",
        "@ckeditor/ckeditor5-widget": "^21.0.0"
      }
    },
    "@ckeditor/ckeditor5-typing": {
      "version": "21.0.0",
      "resolved": "https://registry.npmjs.org/@ckeditor/ckeditor5-typing/-/ckeditor5-typing-21.0.0.tgz",
      "integrity": "sha512-E38YTfhXzlbdlFX5zm0bofZn7SJyMWOryagI3w/N93f+0OXnyIMk/9JM7OWYwv4DD4MyU1jx1eOZkywQTl7LSQ==",
      "requires": {
        "@ckeditor/ckeditor5-core": "^21.0.0",
        "@ckeditor/ckeditor5-engine": "^21.0.0",
        "@ckeditor/ckeditor5-utils": "^21.0.0",
        "lodash-es": "^4.17.15"
      }
    },
    "@ckeditor/ckeditor5-ui": {
      "version": "21.0.0",
      "resolved": "https://registry.npmjs.org/@ckeditor/ckeditor5-ui/-/ckeditor5-ui-21.0.0.tgz",
      "integrity": "sha512-oACL96HUbHhQ5Me5WpOYq9qZ+zJw0Hfqe+f8/UtCfQ99zHcrfZ2odvNHSPdn16cZ5f8ED+zLJNHb8b8IMWwy2Q==",
      "requires": {
        "@ckeditor/ckeditor5-core": "^21.0.0",
        "@ckeditor/ckeditor5-utils": "^21.0.0",
        "lodash-es": "^4.17.15"
      }
    },
    "@ckeditor/ckeditor5-upload": {
      "version": "21.0.0",
      "resolved": "https://registry.npmjs.org/@ckeditor/ckeditor5-upload/-/ckeditor5-upload-21.0.0.tgz",
      "integrity": "sha512-/tcoViVROqiR098VMrtLfnglxZcEWcinsGpoXDRf5Jf1ZMPe5eWQNwARV+fauATJIdA4U4FFcaWTAJMWVFskig==",
      "requires": {
        "@ckeditor/ckeditor5-core": "^21.0.0",
        "@ckeditor/ckeditor5-ui": "^21.0.0",
        "@ckeditor/ckeditor5-utils": "^21.0.0"
      }
    },
    "@ckeditor/ckeditor5-utils": {
      "version": "21.0.0",
      "resolved": "https://registry.npmjs.org/@ckeditor/ckeditor5-utils/-/ckeditor5-utils-21.0.0.tgz",
      "integrity": "sha512-JDEFO/bC8uP/K6xHEJdN/Pm1G7EO2WG363CY3qGZc49eNvYeXrluniLHIh7pL3kUSIr0yqLjJGGdPKc/sZYsHQ==",
      "requires": {
        "lodash-es": "^4.17.15"
      }
    },
    "@ckeditor/ckeditor5-widget": {
      "version": "21.0.0",
      "resolved": "https://registry.npmjs.org/@ckeditor/ckeditor5-widget/-/ckeditor5-widget-21.0.0.tgz",
      "integrity": "sha512-wS/msbkKYgOeJiMK3jxDTpbBJG9Nof0unTbc7rp4HMCLQ1OL9IZvGcowzpMwBDiVoXY+gwyWApeWAnrRwbNbnw==",
      "requires": {
        "@ckeditor/ckeditor5-core": "^21.0.0",
        "@ckeditor/ckeditor5-engine": "^21.0.0",
        "@ckeditor/ckeditor5-typing": "^21.0.0",
        "@ckeditor/ckeditor5-ui": "^21.0.0",
        "@ckeditor/ckeditor5-utils": "^21.0.0",
        "lodash-es": "^4.17.15"
      }
    },
    "lodash-es": {
      "version": "4.17.15",
      "resolved": "https://registry.npmjs.org/lodash-es/-/lodash-es-4.17.15.tgz",
      "integrity": "sha512-rlrc3yU3+JNOpZ9zj5pQtxnx2THmvRykwL4Xlxoa8I9lHBlVbbyPhgyPMioxVZ4NqyxaVVtaJnzsyOidQIhyyQ=="
    }
  }
}
